
Microsoft Visual Studio Solution File, Format Version 12.00
# Visual Studio Version 17
VisualStudioVersion = 17.0.31903.59
MinimumVisualStudioVersion = 10.0.40219.1
Project("{9A19103F-16F7-4668-BE54-9A1E7A4F7556}") = "OrderService", "OrderService\OrderService.csproj", "{3B31647E-0C18-4F0C-BAEE-2ACADF885FD8}"
EndProject
Project("{2150E333-8FDC-42A3-9474-1A3956D46DE8}") = "Solution Items", "Solution Items", "{E49EF9F2-F493-4887-B8CF-FCF54A7C151D}"
	ProjectSection(SolutionItems) = preProject
		attributes.json = attributes.json
		..\README.md = ..\README.md
	EndProjectSection
EndProject
Global
	GlobalSection(SolutionConfigurationPlatforms) = preSolution
		Debug|Any CPU = Debug|Any CPU
		Release|Any CPU = Release|Any CPU
	EndGlobalSection
	GlobalSection(ProjectConfigurationPlatforms) = postSolution
		{3B31647E-0C18-4F0C-BAEE-2ACADF885FD8}.Debug|Any CPU.ActiveCfg = Debug|Any CPU
		{3B31647E-0C18-4F0C-BAEE-2ACADF885FD8}.Debug|Any CPU.Build.0 = Debug|Any CPU
		{3B31647E-0C18-4F0C-BAEE-2ACADF885FD8}.Release|Any CPU.ActiveCfg = Release|Any CPU
		{3B31647E-0C18-4F0C-BAEE-2ACADF885FD8}.Release|Any CPU.Build.0 = Release|Any CPU
	EndGlobalSection
	GlobalSection(SolutionProperties) = preSolution
		HideSolutionNode = FALSE
	EndGlobalSection
	GlobalSection(ExtensibilityGlobals) = postSolution
		SolutionGuid = {B005A739-9E55-450A-9390-634A40B2F4BA}
	EndGlobalSection
EndGlobal
